// !$*UTF8*$!
{
	archiveVersion = 1;
	classes = {
	};
	objectVersion = 52;
	objects = {

/* Begin PBXBuildFile section */
		497E0B0823A279A30025DB61 /* AppDelegate.swift in Sources */ = {isa = PBXBuildFile; fileRef = 497E0B0723A279A30025DB61 /* AppDelegate.swift */; };
		497E0B0A23A279A30025DB61 /* SceneDelegate.swift in Sources */ = {isa = PBXBuildFile; fileRef = 497E0B0923A279A30025DB61 /* SceneDelegate.swift */; };
		497E0B0C23A279A30025DB61 /* NotesView.swift in Sources */ = {isa = PBXBuildFile; fileRef = 497E0B0B23A279A30025DB61 /* NotesView.swift */; };
		497E0B0E23A279A90025DB61 /* Assets.xcassets in Resources */ = {isa = PBXBuildFile; fileRef = 497E0B0D23A279A90025DB61 /* Assets.xcassets */; };
		497E0B1123A279A90025DB61 /* Preview Assets.xcassets in Resources */ = {isa = PBXBuildFile; fileRef = 497E0B1023A279A90025DB61 /* Preview Assets.xcassets */; };
		497E0B1423A279A90025DB61 /* LaunchScreen.storyboard in Resources */ = {isa = PBXBuildFile; fileRef = 497E0B1223A279A90025DB61 /* LaunchScreen.storyboard */; };
		498C6E9923A4F237001413B8 /* NotesViewModel.swift in Sources */ = {isa = PBXBuildFile; fileRef = 498C6E9823A4F236001413B8 /* NotesViewModel.swift */; };
		498C6EA123A4F3DD001413B8 /* API.swift in Sources */ = {isa = PBXBuildFile; fileRef = 498C6EA023A4F3DD001413B8 /* API.swift */; };
		498C6EA323A50A18001413B8 /* NoteCell.swift in Sources */ = {isa = PBXBuildFile; fileRef = 498C6EA223A50A18001413B8 /* NoteCell.swift */; };
		498C6EA623A50F33001413B8 /* CreateNoteViewModel.swift in Sources */ = {isa = PBXBuildFile; fileRef = 498C6EA523A50F33001413B8 /* CreateNoteViewModel.swift */; };
		498C6EA823A51029001413B8 /* CreateNoteView.swift in Sources */ = {isa = PBXBuildFile; fileRef = 498C6EA723A51029001413B8 /* CreateNoteView.swift */; };
		49B7A28E2428A2BC00006D60 /* Grebe-Generated in Frameworks */ = {isa = PBXBuildFile; productRef = 49B7A28D2428A2BC00006D60 /* Grebe-Generated */; };
		49C1158023F6A73900D63118 /* notes.proto in Sources */ = {isa = PBXBuildFile; fileRef = 49C1157F23F6A73900D63118 /* notes.proto */; };
/* End PBXBuildFile section */

/* Begin PBXFileReference section */
		497E0B0423A279A30025DB61 /* Notes-gRPC-App.app */ = {isa = PBXFileReference; explicitFileType = wrapper.application; includeInIndex = 0; path = "Notes-gRPC-App.app"; sourceTree = BUILT_PRODUCTS_DIR; };
		497E0B0723A279A30025DB61 /* AppDelegate.swift */ = {isa = PBXFileReference; lastKnownFileType = sourcecode.swift; path = AppDelegate.swift; sourceTree = "<group>"; };
		497E0B0923A279A30025DB61 /* SceneDelegate.swift */ = {isa = PBXFileReference; lastKnownFileType = sourcecode.swift; path = SceneDelegate.swift; sourceTree = "<group>"; };
		497E0B0B23A279A30025DB61 /* NotesView.swift */ = {isa = PBXFileReference; lastKnownFileType = sourcecode.swift; path = NotesView.swift; sourceTree = "<group>"; };
		497E0B0D23A279A90025DB61 /* Assets.xcassets */ = {isa = PBXFileReference; lastKnownFileType = folder.assetcatalog; path = Assets.xcassets; sourceTree = "<group>"; };
		497E0B1023A279A90025DB61 /* Preview Assets.xcassets */ = {isa = PBXFileReference; lastKnownFileType = folder.assetcatalog; path = "Preview Assets.xcassets"; sourceTree = "<group>"; };
		497E0B1323A279A90025DB61 /* Base */ = {isa = PBXFileReference; lastKnownFileType = file.storyboard; name = Base; path = Base.lproj/LaunchScreen.storyboard; sourceTree = "<group>"; };
		497E0B1523A279A90025DB61 /* Info.plist */ = {isa = PBXFileReference; lastKnownFileType = text.plist.xml; path = Info.plist; sourceTree = "<group>"; };
		498C6E9823A4F236001413B8 /* NotesViewModel.swift */ = {isa = PBXFileReference; lastKnownFileType = sourcecode.swift; path = NotesViewModel.swift; sourceTree = "<group>"; };
		498C6EA023A4F3DD001413B8 /* API.swift */ = {isa = PBXFileReference; lastKnownFileType = sourcecode.swift; path = API.swift; sourceTree = "<group>"; };
		498C6EA223A50A18001413B8 /* NoteCell.swift */ = {isa = PBXFileReference; lastKnownFileType = sourcecode.swift; path = NoteCell.swift; sourceTree = "<group>"; };
		498C6EA523A50F33001413B8 /* CreateNoteViewModel.swift */ = {isa = PBXFileReference; lastKnownFileType = sourcecode.swift; path = CreateNoteViewModel.swift; sourceTree = "<group>"; };
		498C6EA723A51029001413B8 /* CreateNoteView.swift */ = {isa = PBXFileReference; lastKnownFileType = sourcecode.swift; path = CreateNoteView.swift; sourceTree = "<group>"; };
		49B7A28C2428A2AA00006D60 /* Grebe-Generated */ = {isa = PBXFileReference; lastKnownFileType = folder; path = "Grebe-Generated"; sourceTree = "<group>"; };
		49C1157F23F6A73900D63118 /* notes.proto */ = {isa = PBXFileReference; lastKnownFileType = sourcecode.protobuf; path = notes.proto; sourceTree = "<group>"; };
/* End PBXFileReference section */

/* Begin PBXFrameworksBuildPhase section */
		497E0B0123A279A30025DB61 /* Frameworks */ = {
			isa = PBXFrameworksBuildPhase;
			buildActionMask = 2147483647;
			files = (
				49B7A28E2428A2BC00006D60 /* Grebe-Generated in Frameworks */,
			);
			runOnlyForDeploymentPostprocessing = 0;
		};
/* End PBXFrameworksBuildPhase section */

/* Begin PBXGroup section */
		497E0AFB23A279A30025DB61 = {
			isa = PBXGroup;
			children = (
				49B7A28C2428A2AA00006D60 /* Grebe-Generated */,
				497E0B0623A279A30025DB61 /* Notes-gRPC-App */,
				497E0B0523A279A30025DB61 /* Products */,
				49C1158B23F6AC1500D63118 /* Frameworks */,
			);
			sourceTree = "<group>";
		};
		497E0B0523A279A30025DB61 /* Products */ = {
			isa = PBXGroup;
			children = (
				497E0B0423A279A30025DB61 /* Notes-gRPC-App.app */,
			);
			name = Products;
			sourceTree = "<group>";
		};
		497E0B0623A279A30025DB61 /* Notes-gRPC-App */ = {
			isa = PBXGroup;
			children = (
				498C6E9723A4F1D1001413B8 /* App */,
				498C6E9F23A4F3CB001413B8 /* Network */,
				498C6EA423A50F08001413B8 /* CreateNoteView */,
				498C6E9623A4F1C6001413B8 /* NotesView */,
				497E0B0D23A279A90025DB61 /* Assets.xcassets */,
				49C1157F23F6A73900D63118 /* notes.proto */,
				497E0B1223A279A90025DB61 /* LaunchScreen.storyboard */,
				497E0B1523A279A90025DB61 /* Info.plist */,
				497E0B0F23A279A90025DB61 /* Preview Content */,
			);
			path = "Notes-gRPC-App";
			sourceTree = "<group>";
		};
		497E0B0F23A279A90025DB61 /* Preview Content */ = {
			isa = PBXGroup;
			children = (
				497E0B1023A279A90025DB61 /* Preview Assets.xcassets */,
			);
			path = "Preview Content";
			sourceTree = "<group>";
		};
		498C6E9623A4F1C6001413B8 /* NotesView */ = {
			isa = PBXGroup;
			children = (
				497E0B0B23A279A30025DB61 /* NotesView.swift */,
				498C6E9823A4F236001413B8 /* NotesViewModel.swift */,
				498C6EA223A50A18001413B8 /* NoteCell.swift */,
			);
			path = NotesView;
			sourceTree = "<group>";
		};
		498C6E9723A4F1D1001413B8 /* App */ = {
			isa = PBXGroup;
			children = (
				497E0B0723A279A30025DB61 /* AppDelegate.swift */,
				497E0B0923A279A30025DB61 /* SceneDelegate.swift */,
			);
			path = App;
			sourceTree = "<group>";
		};
		498C6E9F23A4F3CB001413B8 /* Network */ = {
			isa = PBXGroup;
			children = (
				498C6EA023A4F3DD001413B8 /* API.swift */,
			);
			path = Network;
			sourceTree = "<group>";
		};
		498C6EA423A50F08001413B8 /* CreateNoteView */ = {
			isa = PBXGroup;
			children = (
				498C6EA523A50F33001413B8 /* CreateNoteViewModel.swift */,
				498C6EA723A51029001413B8 /* CreateNoteView.swift */,
			);
			path = CreateNoteView;
			sourceTree = "<group>";
		};
		49C1158B23F6AC1500D63118 /* Frameworks */ = {
			isa = PBXGroup;
			children = (
			);
			name = Frameworks;
			sourceTree = "<group>";
		};
/* End PBXGroup section */

/* Begin PBXNativeTarget section */
		497E0B0323A279A30025DB61 /* Notes-gRPC-App */ = {
			isa = PBXNativeTarget;
			buildConfigurationList = 497E0B1823A279A90025DB61 /* Build configuration list for PBXNativeTarget "Notes-gRPC-App" */;
			buildPhases = (
				497E0B0023A279A30025DB61 /* Sources */,
				497E0B0123A279A30025DB61 /* Frameworks */,
				497E0B0223A279A30025DB61 /* Resources */,
			);
			buildRules = (
			);
			dependencies = (
			);
			name = "Notes-gRPC-App";
			packageProductDependencies = (
				49B7A28D2428A2BC00006D60 /* Grebe-Generated */,
			);
			productName = "Notes-gRPC-App";
			productReference = 497E0B0423A279A30025DB61 /* Notes-gRPC-App.app */;
			productType = "com.apple.product-type.application";
		};
/* End PBXNativeTarget section */

/* Begin PBXProject section */
		497E0AFC23A279A30025DB61 /* Project object */ = {
			isa = PBXProject;
			attributes = {
				LastSwiftUpdateCheck = 1120;
				LastUpgradeCheck = 1120;
				ORGANIZATIONNAME = "Tim Mewe";
				TargetAttributes = {
					497E0B0323A279A30025DB61 = {
						CreatedOnToolsVersion = 11.2.1;
					};
				};
			};
			buildConfigurationList = 497E0AFF23A279A30025DB61 /* Build configuration list for PBXProject "Notes-gRPC-App" */;
			compatibilityVersion = "Xcode 9.3";
			developmentRegion = en;
			hasScannedForEncodings = 0;
			knownRegions = (
				en,
				Base,
			);
			mainGroup = 497E0AFB23A279A30025DB61;
			packageReferences = (
			);
			productRefGroup = 497E0B0523A279A30025DB61 /* Products */;
			projectDirPath = "";
			projectRoot = "";
			targets = (
				497E0B0323A279A30025DB61 /* Notes-gRPC-App */,
			);
		};
/* End PBXProject section */

/* Begin PBXResourcesBuildPhase section */
		497E0B0223A279A30025DB61 /* Resources */ = {
			isa = PBXResourcesBuildPhase;
			buildActionMask = 2147483647;
			files = (
				497E0B1423A279A90025DB61 /* LaunchScreen.storyboard in Resources */,
				497E0B1123A279A90025DB61 /* Preview Assets.xcassets in Resources */,
				497E0B0E23A279A90025DB61 /* Assets.xcassets in Resources */,
			);
			runOnlyForDeploymentPostprocessing = 0;
		};
/* End PBXResourcesBuildPhase section */

/* Begin PBXSourcesBuildPhase section */
		497E0B0023A279A30025DB61 /* Sources */ = {
			isa = PBXSourcesBuildPhase;
			buildActionMask = 2147483647;
			files = (
				49C1158023F6A73900D63118 /* notes.proto in Sources */,
				498C6E9923A4F237001413B8 /* NotesViewModel.swift in Sources */,
				497E0B0823A279A30025DB61 /* AppDelegate.swift in Sources */,
				498C6EA623A50F33001413B8 /* CreateNoteViewModel.swift in Sources */,
				497E0B0A23A279A30025DB61 /* SceneDelegate.swift in Sources */,
				497E0B0C23A279A30025DB61 /* NotesView.swift in Sources */,
				498C6EA123A4F3DD001413B8 /* API.swift in Sources */,
				498C6EA823A51029001413B8 /* CreateNoteView.swift in Sources */,
				498C6EA323A50A18001413B8 /* NoteCell.swift in Sources */,
			);
			runOnlyForDeploymentPostprocessing = 0;
		};
/* End PBXSourcesBuildPhase section */

/* Begin PBXVariantGroup section */
		497E0B1223A279A90025DB61 /* LaunchScreen.storyboard */ = {
			isa = PBXVariantGroup;
			children = (
				497E0B1323A279A90025DB61 /* Base */,
			);
			name = LaunchScreen.storyboard;
			sourceTree = "<group>";
		};
/* End PBXVariantGroup section */

/* Begin XCBuildConfiguration section */
		497E0B1623A279A90025DB61 /* Debug */ = {
			isa = XCBuildConfiguration;
			buildSettings = {
				ALWAYS_SEARCH_USER_PATHS = NO;
				CLANG_ANALYZER_NONNULL = YES;
				CLANG_ANALYZER_NUMBER_OBJECT_CONVERSION = YES_AGGRESSIVE;
				CLANG_CXX_LANGUAGE_STANDARD = "gnu++14";
				CLANG_CXX_LIBRARY = "libc++";
				CLANG_ENABLE_MODULES = YES;
				CLANG_ENABLE_OBJC_ARC = YES;
				CLANG_ENABLE_OBJC_WEAK = YES;
				CLANG_WARN_BLOCK_CAPTURE_AUTORELEASING = YES;
				CLANG_WARN_BOOL_CONVERSION = YES;
				CLANG_WARN_COMMA = YES;
				CLANG_WARN_CONSTANT_CONVERSION = YES;
				CLANG_WARN_DEPRECATED_OBJC_IMPLEMENTATIONS = YES;
				CLANG_WARN_DIRECT_OBJC_ISA_USAGE = YES_ERROR;
				CLANG_WARN_DOCUMENTATION_COMMENTS = YES;
				CLANG_WARN_EMPTY_BODY = YES;
				CLANG_WARN_ENUM_CONVERSION = YES;
				CLANG_WARN_INFINITE_RECURSION = YES;
				CLANG_WARN_INT_CONVERSION = YES;
				CLANG_WARN_NON_LITERAL_NULL_CONVERSION = YES;
				CLANG_WARN_OBJC_IMPLICIT_RETAIN_SELF = YES;
				CLANG_WARN_OBJC_LITERAL_CONVERSION = YES;
				CLANG_WARN_OBJC_ROOT_CLASS = YES_ERROR;
				CLANG_WARN_RANGE_LOOP_ANALYSIS = YES;
				CLANG_WARN_STRICT_PROTOTYPES = YES;
				CLANG_WARN_SUSPICIOUS_MOVE = YES;
				CLANG_WARN_UNGUARDED_AVAILABILITY = YES_AGGRESSIVE;
				CLANG_WARN_UNREACHABLE_CODE = YES;
				CLANG_WARN__DUPLICATE_METHOD_MATCH = YES;
				COPY_PHASE_STRIP = NO;
				DEBUG_INFORMATION_FORMAT = dwarf;
				ENABLE_STRICT_OBJC_MSGSEND = YES;
				ENABLE_TESTABILITY = YES;
				GCC_C_LANGUAGE_STANDARD = gnu11;
				GCC_DYNAMIC_NO_PIC = NO;
				GCC_NO_COMMON_BLOCKS = YES;
				GCC_OPTIMIZATION_LEVEL = 0;
				GCC_PREPROCESSOR_DEFINITIONS = (
					"DEBUG=1",
					"$(inherited)",
				);
				GCC_WARN_64_TO_32_BIT_CONVERSION = YES;
				GCC_WARN_ABOUT_RETURN_TYPE = YES_ERROR;
				GCC_WARN_UNDECLARED_SELECTOR = YES;
				GCC_WARN_UNINITIALIZED_AUTOS = YES_AGGRESSIVE;
				GCC_WARN_UNUSED_FUNCTION = YES;
				GCC_WARN_UNUSED_VARIABLE = YES;
				IPHONEOS_DEPLOYMENT_TARGET = 13.2;
				MTL_ENABLE_DEBUG_INFO = INCLUDE_SOURCE;
				MTL_FAST_MATH = YES;
				ONLY_ACTIVE_ARCH = YES;
				SDKROOT = iphoneos;
				SWIFT_ACTIVE_COMPILATION_CONDITIONS = DEBUG;
				SWIFT_OPTIMIZATION_LEVEL = "-Onone";
			};
			name = Debug;
		};
		497E0B1723A279A90025DB61 /* Release */ = {
			isa = XCBuildConfiguration;
			buildSettings = {
				ALWAYS_SEARCH_USER_PATHS = NO;
				CLANG_ANALYZER_NONNULL = YES;
				CLANG_ANALYZER_NUMBER_OBJECT_CONVERSION = YES_AGGRESSIVE;
				CLANG_CXX_LANGUAGE_STANDARD = "gnu++14";
				CLANG_CXX_LIBRARY = "libc++";
				CLANG_ENABLE_MODULES = YES;
				CLANG_ENABLE_OBJC_ARC = YES;
				CLANG_ENABLE_OBJC_WEAK = YES;
				CLANG_WARN_BLOCK_CAPTURE_AUTORELEASING = YES;
				CLANG_WARN_BOOL_CONVERSION = YES;
				CLANG_WARN_COMMA = YES;
				CLANG_WARN_CONSTANT_CONVERSION = YES;
				CLANG_WARN_DEPRECATED_OBJC_IMPLEMENTATIONS = YES;
				CLANG_WARN_DIRECT_OBJC_ISA_USAGE = YES_ERROR;
				CLANG_WARN_DOCUMENTATION_COMMENTS = YES;
				CLANG_WARN_EMPTY_BODY = YES;
				CLANG_WARN_ENUM_CONVERSION = YES;
				CLANG_WARN_INFINITE_RECURSION = YES;
				CLANG_WARN_INT_CONVERSION = YES;
				CLANG_WARN_NON_LITERAL_NULL_CONVERSION = YES;
				CLANG_WARN_OBJC_IMPLICIT_RETAIN_SELF = YES;
				CLANG_WARN_OBJC_LITERAL_CONVERSION = YES;
				CLANG_WARN_OBJC_ROOT_CLASS = YES_ERROR;
				CLANG_WARN_RANGE_LOOP_ANALYSIS = YES;
				CLANG_WARN_STRICT_PROTOTYPES = YES;
				CLANG_WARN_SUSPICIOUS_MOVE = YES;
				CLANG_WARN_UNGUARDED_AVAILABILITY = YES_AGGRESSIVE;
				CLANG_WARN_UNREACHABLE_CODE = YES;
				CLANG_WARN__DUPLICATE_METHOD_MATCH = YES;
				COPY_PHASE_STRIP = NO;
				DEBUG_INFORMATION_FORMAT = "dwarf-with-dsym";
				ENABLE_NS_ASSERTIONS = NO;
				ENABLE_STRICT_OBJC_MSGSEND = YES;
				GCC_C_LANGUAGE_STANDARD = gnu11;
				GCC_NO_COMMON_BLOCKS = YES;
				GCC_WARN_64_TO_32_BIT_CONVERSION = YES;
				GCC_WARN_ABOUT_RETURN_TYPE = YES_ERROR;
				GCC_WARN_UNDECLARED_SELECTOR = YES;
				GCC_WARN_UNINITIALIZED_AUTOS = YES_AGGRESSIVE;
				GCC_WARN_UNUSED_FUNCTION = YES;
				GCC_WARN_UNUSED_VARIABLE = YES;
				IPHONEOS_DEPLOYMENT_TARGET = 13.2;
				MTL_ENABLE_DEBUG_INFO = NO;
				MTL_FAST_MATH = YES;
				SDKROOT = iphoneos;
				SWIFT_COMPILATION_MODE = wholemodule;
				SWIFT_OPTIMIZATION_LEVEL = "-O";
				VALIDATE_PRODUCT = YES;
			};
			name = Release;
		};
		497E0B1923A279A90025DB61 /* Debug */ = {
			isa = XCBuildConfiguration;
			buildSettings = {
				ASSETCATALOG_COMPILER_APPICON_NAME = AppIcon;
				CODE_SIGN_STYLE = Automatic;
				DEVELOPMENT_ASSET_PATHS = "\"Notes-gRPC-App/Preview Content\"";
				DEVELOPMENT_TEAM = 57REX7BTC9;
				ENABLE_PREVIEWS = YES;
				INFOPLIST_FILE = "Notes-gRPC-App/Info.plist";
				IPHONEOS_DEPLOYMENT_TARGET = 13.0;
				LD_RUNPATH_SEARCH_PATHS = (
					"$(inherited)",
					"@executable_path/Frameworks",
				);
				PRODUCT_BUNDLE_IDENTIFIER = "com.mewe.Notes-gRPC-App";
				PRODUCT_NAME = "$(TARGET_NAME)";
				SWIFT_VERSION = 5.0;
				TARGETED_DEVICE_FAMILY = "1,2";
			};
			name = Debug;
		};
		497E0B1A23A279A90025DB61 /* Release */ = {
			isa = XCBuildConfiguration;
			buildSettings = {
				ASSETCATALOG_COMPILER_APPICON_NAME = AppIcon;
				CODE_SIGN_STYLE = Automatic;
				DEVELOPMENT_ASSET_PATHS = "\"Notes-gRPC-App/Preview Content\"";
				DEVELOPMENT_TEAM = 57REX7BTC9;
				ENABLE_PREVIEWS = YES;
				INFOPLIST_FILE = "Notes-gRPC-App/Info.plist";
				IPHONEOS_DEPLOYMENT_TARGET = 13.0;
				LD_RUNPATH_SEARCH_PATHS = (
					"$(inherited)",
					"@executable_path/Frameworks",
				);
				PRODUCT_BUNDLE_IDENTIFIER = "com.mewe.Notes-gRPC-App";
				PRODUCT_NAME = "$(TARGET_NAME)";
				SWIFT_VERSION = 5.0;
				TARGETED_DEVICE_FAMILY = "1,2";
			};
			name = Release;
		};
/* End XCBuildConfiguration section */

/* Begin XCConfigurationList section */
		497E0AFF23A279A30025DB61 /* Build configuration list for PBXProject "Notes-gRPC-App" */ = {
			isa = XCConfigurationList;
			buildConfigurations = (
				497E0B1623A279A90025DB61 /* Debug */,
				497E0B1723A279A90025DB61 /* Release */,
			);
			defaultConfigurationIsVisible = 0;
			defaultConfigurationName = Release;
		};
		497E0B1823A279A90025DB61 /* Build configuration list for PBXNativeTarget "Notes-gRPC-App" */ = {
			isa = XCConfigurationList;
			buildConfigurations = (
				497E0B1923A279A90025DB61 /* Debug */,
				497E0B1A23A279A90025DB61 /* Release */,
			);
			defaultConfigurationIsVisible = 0;
			defaultConfigurationName = Release;
		};
/* End XCConfigurationList section */

/* Begin XCSwiftPackageProductDependency section */
		49B7A28D2428A2BC00006D60 /* Grebe-Generated */ = {
			isa = XCSwiftPackageProductDependency;
			productName = "Grebe-Generated";
		};
/* End XCSwiftPackageProductDependency section */
	};
	rootObject = 497E0AFC23A279A30025DB61 /* Project object */;
}
